
Microsoft Visual Studio Solution File, Format Version 12.00
# Visual Studio Version 17
VisualStudioVersion = 17.3.32804.467
MinimumVisualStudioVersion = 10.0.40219.1
Project("{FAE04EC0-301F-11D3-BF4B-00C04F79EFBC}") = "ProfesoresApiDotnet", "ProfesoresApiDotnet\ProfesoresApiDotnet.csproj", "{7A06BA6C-6C42-480F-BDE9-6CC68093A462}"
EndProject
Global
	GlobalSection(SolutionConfigurationPlatforms) = preSolution
		Debug|Any CPU = Debug|Any CPU
		Release|Any CPU = Release|Any CPU
	EndGlobalSection
	GlobalSection(ProjectConfigurationPlatforms) = postSolution
		{7A06BA6C-6C42-480F-BDE9-6CC68093A462}.Debug|Any CPU.ActiveCfg = Debug|Any CPU
		{7A06BA6C-6C42-480F-BDE9-6CC68093A462}.Debug|Any CPU.Build.0 = Debug|Any CPU
		{7A06BA6C-6C42-480F-BDE9-6CC68093A462}.Release|Any CPU.ActiveCfg = Release|Any CPU
		{7A06BA6C-6C42-480F-BDE9-6CC68093A462}.Release|Any CPU.Build.0 = Release|Any CPU
	EndGlobalSection
	GlobalSection(SolutionProperties) = preSolution
		HideSolutionNode = FALSE
	EndGlobalSection
	GlobalSection(ExtensibilityGlobals) = postSolution
		SolutionGuid = {775D44FD-3956-46B2-9E10-96FF1F2AAFB5}
	EndGlobalSection
EndGlobal
